{
  "name": "intro",
  "version": "0.0.0",
  "lockfileVersion": 2,
  "requires": true,
  "packages": {
    "": {
      "name": "intro",
      "version": "0.0.0",
      "workspaces": [
        "jbase"
      ],
      "devDependencies": {
        "prettier": "^2.5.1",
        "turbo": "*"
      }
    },
    "jbase": {
      "version": "1.0.0",
      "license": "ISC",
      "devDependencies": {
        "@types/node": "^17.0.21",
        "typescript": "^4.6.2"
      }
    },
    "node_modules/@types/node": {
      "version": "17.0.21",
      "resolved": "https://registry.npmjs.org/@types/node/-/node-17.0.21.tgz",
      "integrity": "sha512-DBZCJbhII3r90XbQxI8Y9IjjiiOGlZ0Hr32omXIZvwwZ7p4DMMXGrKXVyPfuoBOri9XNtL0UK69jYIBIsRX3QQ==",
      "dev": true
    },
    "node_modules/jbase": {
      "resolved": "jbase",
      "link": true
    },
    "node_modules/prettier": {
      "version": "2.5.1",
      "resolved": "https://registry.npmjs.org/prettier/-/prettier-2.5.1.tgz",
      "integrity": "sha512-vBZcPRUR5MZJwoyi3ZoyQlc1rXeEck8KgeC9AwwOn+exuxLxq5toTRDTSaVrXHxelDMHy9zlicw8u66yxoSUFg==",
      "dev": true,
      "bin": {
        "prettier": "bin-prettier.js"
      },
      "engines": {
        "node": ">=10.13.0"
      }
    },
    "node_modules/turbo": {
      "version": "1.1.6",
      "resolved": "https://registry.npmjs.org/turbo/-/turbo-1.1.6.tgz",
      "integrity": "sha512-pZTc6Sb5MtK/X/qhiDSssc8AZWoUoYf14ZqYjvDWg/aEtqgwYorVJqfRcj4XOXOqtVZ3gO/91eXwdyh/q2aQHA==",
      "dev": true,
      "hasInstallScript": true,
      "bin": {
        "turbo": "bin/turbo"
      },
      "optionalDependencies": {
        "turbo-darwin-64": "1.1.6",
        "turbo-darwin-arm64": "1.1.6",
        "turbo-freebsd-64": "1.1.6",
        "turbo-freebsd-arm64": "1.1.6",
        "turbo-linux-32": "1.1.6",
        "turbo-linux-64": "1.1.6",
        "turbo-linux-arm": "1.1.6",
        "turbo-linux-arm64": "1.1.6",
        "turbo-linux-mips64le": "1.1.6",
        "turbo-linux-ppc64le": "1.1.6",
        "turbo-windows-32": "1.1.6",
        "turbo-windows-64": "1.1.6"
      }
    },
    "node_modules/turbo-darwin-64": {
      "version": "1.1.6",
      "resolved": "https://registry.npmjs.org/turbo-darwin-64/-/turbo-darwin-64-1.1.6.tgz",
      "integrity": "sha512-xzl79T7mPKaIGhMBCAzpTvXkbFNZaMyeOMsNXxVT5dTY+d3FwLFfbqHIoG1dH745TbH6i67bxtt70lKdQa+qdQ==",
      "cpu": [
        "x64"
      ],
      "dev": true,
      "optional": true,
      "os": [
        "darwin"
      ]
    },
    "node_modules/turbo-darwin-arm64": {
      "version": "1.1.6",
      "resolved": "https://registry.npmjs.org/turbo-darwin-arm64/-/turbo-darwin-arm64-1.1.6.tgz",
      "integrity": "sha512-r0D+Kfwcaqec5h9Xa4T/VD6mWZ2LQr+zOEBBL6UA15htgel06B2eXiGdjRiw4i7ieV80tEBEDdz9tSWJBhAL/Q==",
      "cpu": [
        "arm64"
      ],
      "dev": true,
      "optional": true,
      "os": [
        "darwin"
      ]
    },
    "node_modules/turbo-freebsd-64": {
      "version": "1.1.6",
      "resolved": "https://registry.npmjs.org/turbo-freebsd-64/-/turbo-freebsd-64-1.1.6.tgz",
      "integrity": "sha512-v5MJeRcyeCDF3La40TOub0+/OuGGFuLzlVHb4jYxthESbtLve1H23bDiL+4gCQgPYOsKMOvKQpuoMaKW2gxk7A==",
      "cpu": [
        "x64"
      ],
      "dev": true,
      "optional": true,
      "os": [
        "freebsd"
      ]
    },
    "node_modules/turbo-freebsd-arm64": {
      "version": "1.1.6",
      "resolved": "https://registry.npmjs.org/turbo-freebsd-arm64/-/turbo-freebsd-arm64-1.1.6.tgz",
      "integrity": "sha512-5gm3r+M5f/Idt/pggyCQ+MZSlaUdxUeb/4LtPohhWOoj4PYo1o5kwInaRlckr7uV36E4/npDvz9cDV96Pohejg==",
      "cpu": [
        "arm64"
      ],
      "dev": true,
      "optional": true,
      "os": [
        "freebsd"
      ]
    },
    "node_modules/turbo-linux-32": {
      "version": "1.1.6",
      "resolved": "https://registry.npmjs.org/turbo-linux-32/-/turbo-linux-32-1.1.6.tgz",
      "integrity": "sha512-dLc1Vd/LQP5n3NGLMf+cdaK99sMWvHdDvTUSrSwoYDy5fWFpUm0E12lAxRH3tikX2m7Kfcy2uY5xSJIuq5xzYQ==",
      "cpu": [
        "ia32"
      ],
      "dev": true,
      "optional": true,
      "os": [
        "linux"
      ]
    },
    "node_modules/turbo-linux-64": {
      "version": "1.1.6",
      "resolved": "https://registry.npmjs.org/turbo-linux-64/-/turbo-linux-64-1.1.6.tgz",
      "integrity": "sha512-V4rb41yQUA+vPDgXc06oHmKbgrBUbwm09oRtjvmlIQU8zX8qujMPZIun8tGP4NuzErJXGzD3WDgj7VSsO23IIw==",
      "cpu": [
        "x64"
      ],
      "dev": true,
      "optional": true,
      "os": [
        "linux"
      ]
    },
    "node_modules/turbo-linux-arm": {
      "version": "1.1.6",
      "resolved": "https://registry.npmjs.org/turbo-linux-arm/-/turbo-linux-arm-1.1.6.tgz",
      "integrity": "sha512-zAaIa0+EhRYYkM51ruB1LCUqyeigK66A+KfXZ3Y9+aiKg7EYbDvuv+ReD4srLPKoIuAxR5dYlk5RVhSKejt2Cw==",
      "cpu": [
        "arm"
      ],
      "dev": true,
      "optional": true,
      "os": [
        "linux"
      ]
    },
    "node_modules/turbo-linux-arm64": {
      "version": "1.1.6",
      "resolved": "https://registry.npmjs.org/turbo-linux-arm64/-/turbo-linux-arm64-1.1.6.tgz",
      "integrity": "sha512-QsE7gow3WxWXKwNWJX4DIJys6xc6Up4/icjdTZCZbglPLwuG2UiUzjJ2+beXxVU4EmpQF6NwKubHCtrs8m8/kQ==",
      "cpu": [
        "arm64"
      ],
      "dev": true,
      "optional": true,
      "os": [
        "linux"
      ]
    },
    "node_modules/turbo-linux-mips64le": {
      "version": "1.1.6",
      "resolved": "https://registry.npmjs.org/turbo-linux-mips64le/-/turbo-linux-mips64le-1.1.6.tgz",
      "integrity": "sha512-098DB9daXoI6LRCkuOv1Pqim+H4wXZrFza9Xd7zJIel1WmxEgNsHqWpSH5Jn2J92LbkWl+tfN1+myw4+a4ESfw==",
      "cpu": [
        "mips64el"
      ],
      "dev": true,
      "optional": true,
      "os": [
        "linux"
      ]
    },
    "node_modules/turbo-linux-ppc64le": {
      "version": "1.1.6",
      "resolved": "https://registry.npmjs.org/turbo-linux-ppc64le/-/turbo-linux-ppc64le-1.1.6.tgz",
      "integrity": "sha512-U5A1mnsGM994h/1VT4FbsV/bb+I0fgvkY5/TTX7MfA9Iwt0SxsNlh+Jgofe1svPz0CKEe6Hl2WQSGHTlBPJb5Q==",
      "cpu": [
        "ppc64"
      ],
      "dev": true,
      "optional": true,
      "os": [
        "linux"
      ]
    },
    "node_modules/turbo-windows-32": {
      "version": "1.1.6",
      "resolved": "https://registry.npmjs.org/turbo-windows-32/-/turbo-windows-32-1.1.6.tgz",
      "integrity": "sha512-0C+/EI11j8ABtI6O2n+NYL2osDI6moo7YL8pqiWbNrdEGI2KbeCTVQpruUH+GONsMov06pR4BouL9UT2jSpG0g==",
      "cpu": [
        "ia32"
      ],
      "dev": true,
      "optional": true,
      "os": [
        "win32"
      ]
    },
    "node_modules/turbo-windows-64": {
      "version": "1.1.6",
      "resolved": "https://registry.npmjs.org/turbo-windows-64/-/turbo-windows-64-1.1.6.tgz",
      "integrity": "sha512-O2kC+7+zuMjFIi6mpU1qz+Bv27TcHkkCczcDNVU29G52pm5lwj7BZ+/gu+EPJSnF5VrgdA6Oru6KVXPRS1q+Cg==",
      "cpu": [
        "x64"
      ],
      "dev": true,
      "optional": true,
      "os": [
        "win32"
      ]
    },
    "node_modules/typescript": {
      "version": "4.6.2",
      "resolved": "https://registry.npmjs.org/typescript/-/typescript-4.6.2.tgz",
      "integrity": "sha512-HM/hFigTBHZhLXshn9sN37H085+hQGeJHJ/X7LpBWLID/fbc2acUMfU+lGD98X81sKP+pFa9f0DZmCwB9GnbAg==",
      "dev": true,
      "bin": {
        "tsc": "bin/tsc",
        "tsserver": "bin/tsserver"
      },
      "engines": {
        "node": ">=4.2.0"
      }
    }
  },
  "dependencies": {
    "@types/node": {
      "version": "17.0.21",
      "resolved": "https://registry.npmjs.org/@types/node/-/node-17.0.21.tgz",
      "integrity": "sha512-DBZCJbhII3r90XbQxI8Y9IjjiiOGlZ0Hr32omXIZvwwZ7p4DMMXGrKXVyPfuoBOri9XNtL0UK69jYIBIsRX3QQ==",
      "dev": true
    },
    "jbase": {
      "version": "file:jbase",
      "requires": {
        "@types/node": "*",
        "typescript": "*"
      }
    },
    "prettier": {
      "version": "2.5.1",
      "resolved": "https://registry.npmjs.org/prettier/-/prettier-2.5.1.tgz",
      "integrity": "sha512-vBZcPRUR5MZJwoyi3ZoyQlc1rXeEck8KgeC9AwwOn+exuxLxq5toTRDTSaVrXHxelDMHy9zlicw8u66yxoSUFg==",
      "dev": true
    },
    "turbo": {
      "version": "1.1.6",
      "resolved": "https://registry.npmjs.org/turbo/-/turbo-1.1.6.tgz",
      "integrity": "sha512-pZTc6Sb5MtK/X/qhiDSssc8AZWoUoYf14ZqYjvDWg/aEtqgwYorVJqfRcj4XOXOqtVZ3gO/91eXwdyh/q2aQHA==",
      "dev": true,
      "requires": {
        "turbo-darwin-64": "1.1.6",
        "turbo-darwin-arm64": "1.1.6",
        "turbo-freebsd-64": "1.1.6",
        "turbo-freebsd-arm64": "1.1.6",
        "turbo-linux-32": "1.1.6",
        "turbo-linux-64": "1.1.6",
        "turbo-linux-arm": "1.1.6",
        "turbo-linux-arm64": "1.1.6",
        "turbo-linux-mips64le": "1.1.6",
        "turbo-linux-ppc64le": "1.1.6",
        "turbo-windows-32": "1.1.6",
        "turbo-windows-64": "1.1.6"
      }
    },
    "turbo-darwin-64": {
      "version": "1.1.6",
      "resolved": "https://registry.npmjs.org/turbo-darwin-64/-/turbo-darwin-64-1.1.6.tgz",
      "integrity": "sha512-xzl79T7mPKaIGhMBCAzpTvXkbFNZaMyeOMsNXxVT5dTY+d3FwLFfbqHIoG1dH745TbH6i67bxtt70lKdQa+qdQ==",
      "dev": true,
      "optional": true
    },
    "turbo-darwin-arm64": {
      "version": "1.1.6",
      "resolved": "https://registry.npmjs.org/turbo-darwin-arm64/-/turbo-darwin-arm64-1.1.6.tgz",
      "integrity": "sha512-r0D+Kfwcaqec5h9Xa4T/VD6mWZ2LQr+zOEBBL6UA15htgel06B2eXiGdjRiw4i7ieV80tEBEDdz9tSWJBhAL/Q==",
      "dev": true,
      "optional": true
    },
    "turbo-freebsd-64": {
      "version": "1.1.6",
      "resolved": "https://registry.npmjs.org/turbo-freebsd-64/-/turbo-freebsd-64-1.1.6.tgz",
      "integrity": "sha512-v5MJeRcyeCDF3La40TOub0+/OuGGFuLzlVHb4jYxthESbtLve1H23bDiL+4gCQgPYOsKMOvKQpuoMaKW2gxk7A==",
      "dev": true,
      "optional": true
    },
    "turbo-freebsd-arm64": {
      "version": "1.1.6",
      "resolved": "https://registry.npmjs.org/turbo-freebsd-arm64/-/turbo-freebsd-arm64-1.1.6.tgz",
      "integrity": "sha512-5gm3r+M5f/Idt/pggyCQ+MZSlaUdxUeb/4LtPohhWOoj4PYo1o5kwInaRlckr7uV36E4/npDvz9cDV96Pohejg==",
      "dev": true,
      "optional": true
    },
    "turbo-linux-32": {
      "version": "1.1.6",
      "resolved": "https://registry.npmjs.org/turbo-linux-32/-/turbo-linux-32-1.1.6.tgz",
      "integrity": "sha512-dLc1Vd/LQP5n3NGLMf+cdaK99sMWvHdDvTUSrSwoYDy5fWFpUm0E12lAxRH3tikX2m7Kfcy2uY5xSJIuq5xzYQ==",
      "dev": true,
      "optional": true
    },
    "turbo-linux-64": {
      "version": "1.1.6",
      "resolved": "https://registry.npmjs.org/turbo-linux-64/-/turbo-linux-64-1.1.6.tgz",
      "integrity": "sha512-V4rb41yQUA+vPDgXc06oHmKbgrBUbwm09oRtjvmlIQU8zX8qujMPZIun8tGP4NuzErJXGzD3WDgj7VSsO23IIw==",
      "dev": true,
      "optional": true
    },
    "turbo-linux-arm": {
      "version": "1.1.6",
      "resolved": "https://registry.npmjs.org/turbo-linux-arm/-/turbo-linux-arm-1.1.6.tgz",
      "integrity": "sha512-zAaIa0+EhRYYkM51ruB1LCUqyeigK66A+KfXZ3Y9+aiKg7EYbDvuv+ReD4srLPKoIuAxR5dYlk5RVhSKejt2Cw==",
      "dev": true,
      "optional": true
    },
    "turbo-linux-arm64": {
      "version": "1.1.6",
      "resolved": "https://registry.npmjs.org/turbo-linux-arm64/-/turbo-linux-arm64-1.1.6.tgz",
      "integrity": "sha512-QsE7gow3WxWXKwNWJX4DIJys6xc6Up4/icjdTZCZbglPLwuG2UiUzjJ2+beXxVU4EmpQF6NwKubHCtrs8m8/kQ==",
      "dev": true,
      "optional": true
    },
    "turbo-linux-mips64le": {
      "version": "1.1.6",
      "resolved": "https://registry.npmjs.org/turbo-linux-mips64le/-/turbo-linux-mips64le-1.1.6.tgz",
      "integrity": "sha512-098DB9daXoI6LRCkuOv1Pqim+H4wXZrFza9Xd7zJIel1WmxEgNsHqWpSH5Jn2J92LbkWl+tfN1+myw4+a4ESfw==",
      "dev": true,
      "optional": true
    },
    "turbo-linux-ppc64le": {
      "version": "1.1.6",
      "resolved": "https://registry.npmjs.org/turbo-linux-ppc64le/-/turbo-linux-ppc64le-1.1.6.tgz",
      "integrity": "sha512-U5A1mnsGM994h/1VT4FbsV/bb+I0fgvkY5/TTX7MfA9Iwt0SxsNlh+Jgofe1svPz0CKEe6Hl2WQSGHTlBPJb5Q==",
      "dev": true,
      "optional": true
    },
    "turbo-windows-32": {
      "version": "1.1.6",
      "resolved": "https://registry.npmjs.org/turbo-windows-32/-/turbo-windows-32-1.1.6.tgz",
      "integrity": "sha512-0C+/EI11j8ABtI6O2n+NYL2osDI6moo7YL8pqiWbNrdEGI2KbeCTVQpruUH+GONsMov06pR4BouL9UT2jSpG0g==",
      "dev": true,
      "optional": true
    },
    "turbo-windows-64": {
      "version": "1.1.6",
      "resolved": "https://registry.npmjs.org/turbo-windows-64/-/turbo-windows-64-1.1.6.tgz",
      "integrity": "sha512-O2kC+7+zuMjFIi6mpU1qz+Bv27TcHkkCczcDNVU29G52pm5lwj7BZ+/gu+EPJSnF5VrgdA6Oru6KVXPRS1q+Cg==",
      "dev": true,
      "optional": true
    },
    "typescript": {
      "version": "4.6.2",
      "resolved": "https://registry.npmjs.org/typescript/-/typescript-4.6.2.tgz",
      "integrity": "sha512-HM/hFigTBHZhLXshn9sN37H085+hQGeJHJ/X7LpBWLID/fbc2acUMfU+lGD98X81sKP+pFa9f0DZmCwB9GnbAg==",
      "dev": true
    }
  }
}
